
Microsoft Visual Studio Solution File, Format Version 12.00
# Visual Studio Version 17
VisualStudioVersion = 17.7.34018.315
MinimumVisualStudioVersion = 10.0.40219.1
Project("{8BC9CEB8-8B4A-11D0-8D11-00A0C91BC942}") = "VeriYapilariLinkedList_udemy", "VeriYapilariLinkedList_udemy.vcxproj", "{4EBFE7F8-8DCA-4E75-B64F-168525A69318}"
EndProject
Project("{8BC9CEB8-8B4A-11D0-8D11-00A0C91BC942}") = "CiftLinkedList", "..\CiftLinkedList\CiftLinkedList.vcxproj", "{F9B097E2-4132-41BA-8A92-CA02EB1AA6D7}"
EndProject
Global
	GlobalSection(SolutionConfigurationPlatforms) = preSolution
		Debug|x64 = Debug|x64
		Debug|x86 = Debug|x86
		Release|x64 = Release|x64
		Release|x86 = Release|x86
	EndGlobalSection
	GlobalSection(ProjectConfigurationPlatforms) = postSolution
		{4EBFE7F8-8DCA-4E75-B64F-168525A69318}.Debug|x64.ActiveCfg = Debug|x64
		{4EBFE7F8-8DCA-4E75-B64F-168525A69318}.Debug|x64.Build.0 = Debug|x64
		{4EBFE7F8-8DCA-4E75-B64F-168525A69318}.Debug|x86.ActiveCfg = Debug|Win32
		{4EBFE7F8-8DCA-4E75-B64F-168525A69318}.Debug|x86.Build.0 = Debug|Win32
		{4EBFE7F8-8DCA-4E75-B64F-168525A69318}.Release|x64.ActiveCfg = Release|x64
		{4EBFE7F8-8DCA-4E75-B64F-168525A69318}.Release|x64.Build.0 = Release|x64
		{4EBFE7F8-8DCA-4E75-B64F-168525A69318}.Release|x86.ActiveCfg = Release|Win32
		{4EBFE7F8-8DCA-4E75-B64F-168525A69318}.Release|x86.Build.0 = Release|Win32
		{F9B097E2-4132-41BA-8A92-CA02EB1AA6D7}.Debug|x64.ActiveCfg = Debug|x64
		{F9B097E2-4132-41BA-8A92-CA02EB1AA6D7}.Debug|x64.Build.0 = Debug|x64
		{F9B097E2-4132-41BA-8A92-CA02EB1AA6D7}.Debug|x86.ActiveCfg = Debug|Win32
		{F9B097E2-4132-41BA-8A92-CA02EB1AA6D7}.Debug|x86.Build.0 = Debug|Win32
		{F9B097E2-4132-41BA-8A92-CA02EB1AA6D7}.Release|x64.ActiveCfg = Release|x64
		{F9B097E2-4132-41BA-8A92-CA02EB1AA6D7}.Release|x64.Build.0 = Release|x64
		{F9B097E2-4132-41BA-8A92-CA02EB1AA6D7}.Release|x86.ActiveCfg = Release|Win32
		{F9B097E2-4132-41BA-8A92-CA02EB1AA6D7}.Release|x86.Build.0 = Release|Win32
	EndGlobalSection
	GlobalSection(SolutionProperties) = preSolution
		HideSolutionNode = FALSE
	EndGlobalSection
	GlobalSection(ExtensibilityGlobals) = postSolution
		SolutionGuid = {215A18F7-5D84-471B-BB41-81248701DAEE}
	EndGlobalSection
EndGlobal
